
Microsoft Visual Studio Solution File, Format Version 12.00
# Visual Studio Version 16
VisualStudioVersion = 16.0.30104.148
MinimumVisualStudioVersion = 10.0.40219.1
Project("{FAE04EC0-301F-11D3-BF4B-00C04F79EFBC}") = "cglr4", "cglr4.csproj", "{F7F61EA6-04B5-4DF7-870D-DC687288958F}"
EndProject
Global
	GlobalSection(SolutionConfigurationPlatforms) = preSolution
		Debug|Any CPU = Debug|Any CPU
		Release|Any CPU = Release|Any CPU
	EndGlobalSection
	GlobalSection(ProjectConfigurationPlatforms) = postSolution
		{F7F61EA6-04B5-4DF7-870D-DC687288958F}.Debug|Any CPU.ActiveCfg = Debug|Any CPU
		{F7F61EA6-04B5-4DF7-870D-DC687288958F}.Debug|Any CPU.Build.0 = Debug|Any CPU
		{F7F61EA6-04B5-4DF7-870D-DC687288958F}.Release|Any CPU.ActiveCfg = Release|Any CPU
		{F7F61EA6-04B5-4DF7-870D-DC687288958F}.Release|Any CPU.Build.0 = Release|Any CPU
	EndGlobalSection
	GlobalSection(SolutionProperties) = preSolution
		HideSolutionNode = FALSE
	EndGlobalSection
	GlobalSection(ExtensibilityGlobals) = postSolution
		SolutionGuid = {975BFF57-D59C-43D2-86EE-8499F2790D84}
	EndGlobalSection
EndGlobal
